{
  "name": "test-repo-2",
  "version": "1.0.0",
  "lockfileVersion": 2,
  "requires": true,
  "packages": {
    "": {
      "name": "test-repo-2",
      "version": "1.0.0",
      "license": "ISC",
      "dependencies": {
        "qs": "^6.2.3"
      }
    },
    "node_modules/qs": {
      "version": "6.2.3",
      "resolved": "https://registry.npmjs.org/qs/-/qs-6.2.3.tgz",
      "integrity": "sha512-AY4g8t3LMboim0t6XWFdz6J5OuJ1ZNYu54SXihS/OMpgyCqYmcAJnWqkNSOjSjWmq3xxy+GF9uWQI2lI/7tKIA==",
      "engines": {
        "node": ">=0.6"
      }
    }
  },
  "dependencies": {
    "qs": {
      "version": "6.2.3",
      "resolved": "https://registry.npmjs.org/qs/-/qs-6.2.3.tgz",
      "integrity": "sha512-AY4g8t3LMboim0t6XWFdz6J5OuJ1ZNYu54SXihS/OMpgyCqYmcAJnWqkNSOjSjWmq3xxy+GF9uWQI2lI/7tKIA=="
    }
  }
}
